# This file is automatically @generated by tinymist.
# It is not intended for manual editing.
version = "0.1.0-beta0"

[[document]]
font-paths = ["file:."]
id = "file:public/template.typ"
inputs = []
main = "file:public/template.typ"
root = "file:.."
system-fonts = true

[[task]]
document = "file:public/template.typ"
id = "file:public/template.typ"
type = "export-pdf"
when = "never"
