# This file is automatically @generated by tinymist.
# It is not intended for manual editing.
version = "0.1.0-beta0"

[[document]]
font-paths = ["file:../Assets/Fonts", "file:C:/Users/Kat Sakura/FontBase/Providers/Google"]
id = "file:src/content/posts/trying-typst.typ"
inputs = []
main = "file:src/content/posts/trying-typst.typ"
root = "file:."
system-fonts = true

[[task]]
document = "file:src/content/posts/trying-typst.typ"
id = "file:src/content/posts/trying-typst.typ"
output = "" 
when = "never"
